{
  "name": "whowantstobeamillionaire",
  "version": "1.0.0",
  "lockfileVersion": 1,
  "requires": true,
  "dependencies": {
    "moment": {
      "version": "2.29.2",
      "resolved": "https://registry.npmjs.org/moment/-/moment-2.29.2.tgz",
      "integrity": "sha512-UgzG4rvxYpN15jgCmVJwac49h9ly9NurikMWGPdVxm8GZD6XjkKPxDTjQQ43gtGgnV3X0cAyWDdP2Wexoquifg=="
    },
    "readline-sync": {
      "version": "1.4.10",
      "resolved": "https://registry.npmjs.org/readline-sync/-/readline-sync-1.4.10.tgz",
      "integrity": "sha512-gNva8/6UAe8QYepIQH/jQ2qn91Qj0B9sYjMBBs3QOB8F2CXcKgLxQaJRP76sWVRQt+QU+8fAkCbCvjjMFu7Ycw=="
    },
    "timestamp-nano": {
      "version": "1.0.0",
      "resolved": "https://registry.npmjs.org/timestamp-nano/-/timestamp-nano-1.0.0.tgz",
      "integrity": "sha512-NO/1CZigzlCWQiWdIGv8ebXt6Uk77zdLz2NE7KcZRU5Egj2+947lzUpk30xQUQlq5dRY25j7ZulG4RfA2DHYfA=="
    }
  }
}
